
Microsoft Visual Studio Solution File, Format Version 12.00
# Visual Studio Version 17
VisualStudioVersion = 17.0.32014.148
MinimumVisualStudioVersion = 10.0.40219.1
Project("{FAE04EC0-301F-11D3-BF4B-00C04F79EFBC}") = "NotePad", "NotePad\NotePad.csproj", "{43F9CDAA-D35B-4B8C-BAEF-C79245EDC736}"
EndProject
Global
	GlobalSection(SolutionConfigurationPlatforms) = preSolution
		Debug|Any CPU = Debug|Any CPU
		Release|Any CPU = Release|Any CPU
	EndGlobalSection
	GlobalSection(ProjectConfigurationPlatforms) = postSolution
		{43F9CDAA-D35B-4B8C-BAEF-C79245EDC736}.Debug|Any CPU.ActiveCfg = Debug|Any CPU
		{43F9CDAA-D35B-4B8C-BAEF-C79245EDC736}.Debug|Any CPU.Build.0 = Debug|Any CPU
		{43F9CDAA-D35B-4B8C-BAEF-C79245EDC736}.Release|Any CPU.ActiveCfg = Release|Any CPU
		{43F9CDAA-D35B-4B8C-BAEF-C79245EDC736}.Release|Any CPU.Build.0 = Release|Any CPU
	EndGlobalSection
	GlobalSection(SolutionProperties) = preSolution
		HideSolutionNode = FALSE
	EndGlobalSection
	GlobalSection(ExtensibilityGlobals) = postSolution
		SolutionGuid = {1A613582-EAFA-457E-8D8C-248EB8190952}
	EndGlobalSection
EndGlobal
